
Microsoft Visual Studio Solution File, Format Version 12.00
# Visual Studio Version 17
VisualStudioVersion = 17.3.32929.385
MinimumVisualStudioVersion = 10.0.40219.1
Project("{FAE04EC0-301F-11D3-BF4B-00C04F79EFBC}") = "mvvm_demo", "mvvm_demo\mvvm_demo.csproj", "{B44BDBBB-985F-42F2-9A0F-30BF595E3FCD}"
EndProject
Global
	GlobalSection(SolutionConfigurationPlatforms) = preSolution
		Debug|Any CPU = Debug|Any CPU
		Release|Any CPU = Release|Any CPU
	EndGlobalSection
	GlobalSection(ProjectConfigurationPlatforms) = postSolution
		{B44BDBBB-985F-42F2-9A0F-30BF595E3FCD}.Debug|Any CPU.ActiveCfg = Debug|Any CPU
		{B44BDBBB-985F-42F2-9A0F-30BF595E3FCD}.Debug|Any CPU.Build.0 = Debug|Any CPU
		{B44BDBBB-985F-42F2-9A0F-30BF595E3FCD}.Release|Any CPU.ActiveCfg = Release|Any CPU
		{B44BDBBB-985F-42F2-9A0F-30BF595E3FCD}.Release|Any CPU.Build.0 = Release|Any CPU
	EndGlobalSection
	GlobalSection(SolutionProperties) = preSolution
		HideSolutionNode = FALSE
	EndGlobalSection
	GlobalSection(ExtensibilityGlobals) = postSolution
		SolutionGuid = {54571731-7679-4E3E-A3D1-76EE3EF6D880}
	EndGlobalSection
EndGlobal
